
Microsoft Visual Studio Solution File, Format Version 12.00
# Visual Studio 2013
VisualStudioVersion = 12.0.21005.1
MinimumVisualStudioVersion = 10.0.40219.1
Project("{FAE04EC0-301F-11D3-BF4B-00C04F79EFBC}") = "01.OddoREvenIntegers", "01.OddoREvenIntegers\01.OddoREvenIntegers.csproj", "{33AB78F8-FEF8-40A6-BFC6-517A2FB42D82}"
EndProject
Project("{FAE04EC0-301F-11D3-BF4B-00C04F79EFBC}") = "02.GravitationOnTheMoon", "02.GravitationOnTheMoon\02.GravitationOnTheMoon.csproj", "{88D2AB7E-5EE3-44CA-8300-D14D2974CD9D}"
EndProject
Project("{FAE04EC0-301F-11D3-BF4B-00C04F79EFBC}") = "03.DivideBy7and5", "03.DivideBy7and5\03.DivideBy7and5.csproj", "{6F2EBD2D-B5F1-4E78-A5F3-AA54E874B445}"
EndProject
Project("{FAE04EC0-301F-11D3-BF4B-00C04F79EFBC}") = "04.Rectangles", "04.Rectangles\04.Rectangles.csproj", "{3EC925A2-BFBD-4E8A-81BC-13BE5F8EA77C}"
EndProject
Project("{FAE04EC0-301F-11D3-BF4B-00C04F79EFBC}") = "05.ThirdDigitIs7", "05.ThirdDigitIs7\05.ThirdDigitIs7.csproj", "{59985D79-57D1-4835-8D42-FB34B81824E1}"
EndProject
Project("{FAE04EC0-301F-11D3-BF4B-00C04F79EFBC}") = "06.FourDigitNumber", "06.FourDigitNumber\06.FourDigitNumber.csproj", "{64C9464A-CB5D-42A3-A341-4AAAD0AF27F0}"
EndProject
Project("{FAE04EC0-301F-11D3-BF4B-00C04F79EFBC}") = "07.PointInACircle", "07.PointInACircle\07.PointInACircle.csproj", "{1CBC261C-0403-462B-B4A1-FBE1CA1D09F7}"
EndProject
Project("{FAE04EC0-301F-11D3-BF4B-00C04F79EFBC}") = "08.PrimeNumberCheck", "08.PrimeNumberCheck\08.PrimeNumberCheck.csproj", "{DF0EB775-2B73-4C58-AC79-747C1BC57C64}"
EndProject
Project("{FAE04EC0-301F-11D3-BF4B-00C04F79EFBC}") = "09.Trapezoids", "09.Trapezoids\09.Trapezoids.csproj", "{A05EACC1-D35C-46EB-8361-072AC3EA6F5F}"
EndProject
Project("{FAE04EC0-301F-11D3-BF4B-00C04F79EFBC}") = "10.PointInCircleAndOutRectangle", "10.PointInCircleAndOutRectangle\10.PointInCircleAndOutRectangle.csproj", "{4DE315EC-6DC1-43F4-80E6-5F96BF162C9E}"
EndProject
Project("{FAE04EC0-301F-11D3-BF4B-00C04F79EFBC}") = "11.BitwiseExtractBit", "11.BitwiseExtractBit\11.BitwiseExtractBit.csproj", "{02FEC0AD-5352-481B-9946-4BF7E92D4183}"
EndProject
Project("{FAE04EC0-301F-11D3-BF4B-00C04F79EFBC}") = "12.ExtractBitFromInteger", "12.ExtractBitFromInteger\12.ExtractBitFromInteger.csproj", "{641C1403-BEE5-49A7-8FE4-875954E3DD47}"
EndProject
Project("{FAE04EC0-301F-11D3-BF4B-00C04F79EFBC}") = "13.CheckBitGivenPosition", "13.CheckBitGivenPosition\13.CheckBitGivenPosition.csproj", "{FBAE7D16-F121-4311-81F9-1954D8948993}"
EndProject
Project("{FAE04EC0-301F-11D3-BF4B-00C04F79EFBC}") = "14.ModifyBit", "14.ModifyBit\14.ModifyBit.csproj", "{8E57815A-F76E-4074-8421-BDBF4C894B3F}"
EndProject
Project("{FAE04EC0-301F-11D3-BF4B-00C04F79EFBC}") = "15.BitsExchange", "15.BitsExchange\15.BitsExchange.csproj", "{E19F6AFB-1761-465E-BA14-8E5995548393}"
EndProject
Project("{FAE04EC0-301F-11D3-BF4B-00C04F79EFBC}") = "16.BitExchangeAdvanced", "16.BitExchangeAdvanced\16.BitExchangeAdvanced.csproj", "{99B0772F-451C-4523-9D3C-B4360F0CA490}"
EndProject
Global
	GlobalSection(SolutionConfigurationPlatforms) = preSolution
		Debug|Any CPU = Debug|Any CPU
		Debug|ARM = Debug|ARM
		Debug|x64 = Debug|x64
		Debug|x86 = Debug|x86
		Release|Any CPU = Release|Any CPU
		Release|ARM = Release|ARM
		Release|x64 = Release|x64
		Release|x86 = Release|x86
	EndGlobalSection
	GlobalSection(ProjectConfigurationPlatforms) = postSolution
		{33AB78F8-FEF8-40A6-BFC6-517A2FB42D82}.Debug|Any CPU.ActiveCfg = Debug|Any CPU
		{33AB78F8-FEF8-40A6-BFC6-517A2FB42D82}.Debug|Any CPU.Build.0 = Debug|Any CPU
		{33AB78F8-FEF8-40A6-BFC6-517A2FB42D82}.Debug|ARM.ActiveCfg = Debug|Any CPU
		{33AB78F8-FEF8-40A6-BFC6-517A2FB42D82}.Debug|x64.ActiveCfg = Debug|Any CPU
		{33AB78F8-FEF8-40A6-BFC6-517A2FB42D82}.Debug|x86.ActiveCfg = Debug|Any CPU
		{33AB78F8-FEF8-40A6-BFC6-517A2FB42D82}.Release|Any CPU.ActiveCfg = Release|Any CPU
		{33AB78F8-FEF8-40A6-BFC6-517A2FB42D82}.Release|Any CPU.Build.0 = Release|Any CPU
		{33AB78F8-FEF8-40A6-BFC6-517A2FB42D82}.Release|ARM.ActiveCfg = Release|Any CPU
		{33AB78F8-FEF8-40A6-BFC6-517A2FB42D82}.Release|x64.ActiveCfg = Release|Any CPU
		{33AB78F8-FEF8-40A6-BFC6-517A2FB42D82}.Release|x86.ActiveCfg = Release|Any CPU
		{88D2AB7E-5EE3-44CA-8300-D14D2974CD9D}.Debug|Any CPU.ActiveCfg = Debug|Any CPU
		{88D2AB7E-5EE3-44CA-8300-D14D2974CD9D}.Debug|Any CPU.Build.0 = Debug|Any CPU
		{88D2AB7E-5EE3-44CA-8300-D14D2974CD9D}.Debug|ARM.ActiveCfg = Debug|Any CPU
		{88D2AB7E-5EE3-44CA-8300-D14D2974CD9D}.Debug|x64.ActiveCfg = Debug|Any CPU
		{88D2AB7E-5EE3-44CA-8300-D14D2974CD9D}.Debug|x86.ActiveCfg = Debug|Any CPU
		{88D2AB7E-5EE3-44CA-8300-D14D2974CD9D}.Release|Any CPU.ActiveCfg = Release|Any CPU
		{88D2AB7E-5EE3-44CA-8300-D14D2974CD9D}.Release|Any CPU.Build.0 = Release|Any CPU
		{88D2AB7E-5EE3-44CA-8300-D14D2974CD9D}.Release|ARM.ActiveCfg = Release|Any CPU
		{88D2AB7E-5EE3-44CA-8300-D14D2974CD9D}.Release|x64.ActiveCfg = Release|Any CPU
		{88D2AB7E-5EE3-44CA-8300-D14D2974CD9D}.Release|x86.ActiveCfg = Release|Any CPU
		{6F2EBD2D-B5F1-4E78-A5F3-AA54E874B445}.Debug|Any CPU.ActiveCfg = Debug|Any CPU
		{6F2EBD2D-B5F1-4E78-A5F3-AA54E874B445}.Debug|Any CPU.Build.0 = Debug|Any CPU
		{6F2EBD2D-B5F1-4E78-A5F3-AA54E874B445}.Debug|ARM.ActiveCfg = Debug|Any CPU
		{6F2EBD2D-B5F1-4E78-A5F3-AA54E874B445}.Debug|x64.ActiveCfg = Debug|Any CPU
		{6F2EBD2D-B5F1-4E78-A5F3-AA54E874B445}.Debug|x86.ActiveCfg = Debug|Any CPU
		{6F2EBD2D-B5F1-4E78-A5F3-AA54E874B445}.Release|Any CPU.ActiveCfg = Release|Any CPU
		{6F2EBD2D-B5F1-4E78-A5F3-AA54E874B445}.Release|Any CPU.Build.0 = Release|Any CPU
		{6F2EBD2D-B5F1-4E78-A5F3-AA54E874B445}.Release|ARM.ActiveCfg = Release|Any CPU
		{6F2EBD2D-B5F1-4E78-A5F3-AA54E874B445}.Release|x64.ActiveCfg = Release|Any CPU
		{6F2EBD2D-B5F1-4E78-A5F3-AA54E874B445}.Release|x86.ActiveCfg = Release|Any CPU
		{3EC925A2-BFBD-4E8A-81BC-13BE5F8EA77C}.Debug|Any CPU.ActiveCfg = Debug|Any CPU
		{3EC925A2-BFBD-4E8A-81BC-13BE5F8EA77C}.Debug|Any CPU.Build.0 = Debug|Any CPU
		{3EC925A2-BFBD-4E8A-81BC-13BE5F8EA77C}.Debug|ARM.ActiveCfg = Debug|Any CPU
		{3EC925A2-BFBD-4E8A-81BC-13BE5F8EA77C}.Debug|x64.ActiveCfg = Debug|Any CPU
		{3EC925A2-BFBD-4E8A-81BC-13BE5F8EA77C}.Debug|x86.ActiveCfg = Debug|Any CPU
		{3EC925A2-BFBD-4E8A-81BC-13BE5F8EA77C}.Release|Any CPU.ActiveCfg = Release|Any CPU
		{3EC925A2-BFBD-4E8A-81BC-13BE5F8EA77C}.Release|Any CPU.Build.0 = Release|Any CPU
		{3EC925A2-BFBD-4E8A-81BC-13BE5F8EA77C}.Release|ARM.ActiveCfg = Release|Any CPU
		{3EC925A2-BFBD-4E8A-81BC-13BE5F8EA77C}.Release|x64.ActiveCfg = Release|Any CPU
		{3EC925A2-BFBD-4E8A-81BC-13BE5F8EA77C}.Release|x86.ActiveCfg = Release|Any CPU
		{59985D79-57D1-4835-8D42-FB34B81824E1}.Debug|Any CPU.ActiveCfg = Debug|Any CPU
		{59985D79-57D1-4835-8D42-FB34B81824E1}.Debug|Any CPU.Build.0 = Debug|Any CPU
		{59985D79-57D1-4835-8D42-FB34B81824E1}.Debug|ARM.ActiveCfg = Debug|Any CPU
		{59985D79-57D1-4835-8D42-FB34B81824E1}.Debug|x64.ActiveCfg = Debug|Any CPU
		{59985D79-57D1-4835-8D42-FB34B81824E1}.Debug|x86.ActiveCfg = Debug|Any CPU
		{59985D79-57D1-4835-8D42-FB34B81824E1}.Release|Any CPU.ActiveCfg = Release|Any CPU
		{59985D79-57D1-4835-8D42-FB34B81824E1}.Release|Any CPU.Build.0 = Release|Any CPU
		{59985D79-57D1-4835-8D42-FB34B81824E1}.Release|ARM.ActiveCfg = Release|Any CPU
		{59985D79-57D1-4835-8D42-FB34B81824E1}.Release|x64.ActiveCfg = Release|Any CPU
		{59985D79-57D1-4835-8D42-FB34B81824E1}.Release|x86.ActiveCfg = Release|Any CPU
		{64C9464A-CB5D-42A3-A341-4AAAD0AF27F0}.Debug|Any CPU.ActiveCfg = Debug|Any CPU
		{64C9464A-CB5D-42A3-A341-4AAAD0AF27F0}.Debug|Any CPU.Build.0 = Debug|Any CPU
		{64C9464A-CB5D-42A3-A341-4AAAD0AF27F0}.Debug|ARM.ActiveCfg = Debug|Any CPU
		{64C9464A-CB5D-42A3-A341-4AAAD0AF27F0}.Debug|x64.ActiveCfg = Debug|Any CPU
		{64C9464A-CB5D-42A3-A341-4AAAD0AF27F0}.Debug|x86.ActiveCfg = Debug|Any CPU
		{64C9464A-CB5D-42A3-A341-4AAAD0AF27F0}.Release|Any CPU.ActiveCfg = Release|Any CPU
		{64C9464A-CB5D-42A3-A341-4AAAD0AF27F0}.Release|Any CPU.Build.0 = Release|Any CPU
		{64C9464A-CB5D-42A3-A341-4AAAD0AF27F0}.Release|ARM.ActiveCfg = Release|Any CPU
		{64C9464A-CB5D-42A3-A341-4AAAD0AF27F0}.Release|x64.ActiveCfg = Release|Any CPU
		{64C9464A-CB5D-42A3-A341-4AAAD0AF27F0}.Release|x86.ActiveCfg = Release|Any CPU
		{1CBC261C-0403-462B-B4A1-FBE1CA1D09F7}.Debug|Any CPU.ActiveCfg = Debug|Any CPU
		{1CBC261C-0403-462B-B4A1-FBE1CA1D09F7}.Debug|Any CPU.Build.0 = Debug|Any CPU
		{1CBC261C-0403-462B-B4A1-FBE1CA1D09F7}.Debug|ARM.ActiveCfg = Debug|Any CPU
		{1CBC261C-0403-462B-B4A1-FBE1CA1D09F7}.Debug|x64.ActiveCfg = Debug|Any CPU
		{1CBC261C-0403-462B-B4A1-FBE1CA1D09F7}.Debug|x86.ActiveCfg = Debug|Any CPU
		{1CBC261C-0403-462B-B4A1-FBE1CA1D09F7}.Release|Any CPU.ActiveCfg = Release|Any CPU
		{1CBC261C-0403-462B-B4A1-FBE1CA1D09F7}.Release|Any CPU.Build.0 = Release|Any CPU
		{1CBC261C-0403-462B-B4A1-FBE1CA1D09F7}.Release|ARM.ActiveCfg = Release|Any CPU
		{1CBC261C-0403-462B-B4A1-FBE1CA1D09F7}.Release|x64.ActiveCfg = Release|Any CPU
		{1CBC261C-0403-462B-B4A1-FBE1CA1D09F7}.Release|x86.ActiveCfg = Release|Any CPU
		{DF0EB775-2B73-4C58-AC79-747C1BC57C64}.Debug|Any CPU.ActiveCfg = Debug|Any CPU
		{DF0EB775-2B73-4C58-AC79-747C1BC57C64}.Debug|Any CPU.Build.0 = Debug|Any CPU
		{DF0EB775-2B73-4C58-AC79-747C1BC57C64}.Debug|ARM.ActiveCfg = Debug|Any CPU
		{DF0EB775-2B73-4C58-AC79-747C1BC57C64}.Debug|x64.ActiveCfg = Debug|Any CPU
		{DF0EB775-2B73-4C58-AC79-747C1BC57C64}.Debug|x86.ActiveCfg = Debug|Any CPU
		{DF0EB775-2B73-4C58-AC79-747C1BC57C64}.Release|Any CPU.ActiveCfg = Release|Any CPU
		{DF0EB775-2B73-4C58-AC79-747C1BC57C64}.Release|Any CPU.Build.0 = Release|Any CPU
		{DF0EB775-2B73-4C58-AC79-747C1BC57C64}.Release|ARM.ActiveCfg = Release|Any CPU
		{DF0EB775-2B73-4C58-AC79-747C1BC57C64}.Release|x64.ActiveCfg = Release|Any CPU
		{DF0EB775-2B73-4C58-AC79-747C1BC57C64}.Release|x86.ActiveCfg = Release|Any CPU
		{A05EACC1-D35C-46EB-8361-072AC3EA6F5F}.Debug|Any CPU.ActiveCfg = Debug|Any CPU
		{A05EACC1-D35C-46EB-8361-072AC3EA6F5F}.Debug|Any CPU.Build.0 = Debug|Any CPU
		{A05EACC1-D35C-46EB-8361-072AC3EA6F5F}.Debug|ARM.ActiveCfg = Debug|Any CPU
		{A05EACC1-D35C-46EB-8361-072AC3EA6F5F}.Debug|x64.ActiveCfg = Debug|Any CPU
		{A05EACC1-D35C-46EB-8361-072AC3EA6F5F}.Debug|x86.ActiveCfg = Debug|Any CPU
		{A05EACC1-D35C-46EB-8361-072AC3EA6F5F}.Release|Any CPU.ActiveCfg = Release|Any CPU
		{A05EACC1-D35C-46EB-8361-072AC3EA6F5F}.Release|Any CPU.Build.0 = Release|Any CPU
		{A05EACC1-D35C-46EB-8361-072AC3EA6F5F}.Release|ARM.ActiveCfg = Release|Any CPU
		{A05EACC1-D35C-46EB-8361-072AC3EA6F5F}.Release|x64.ActiveCfg = Release|Any CPU
		{A05EACC1-D35C-46EB-8361-072AC3EA6F5F}.Release|x86.ActiveCfg = Release|Any CPU
		{4DE315EC-6DC1-43F4-80E6-5F96BF162C9E}.Debug|Any CPU.ActiveCfg = Debug|Any CPU
		{4DE315EC-6DC1-43F4-80E6-5F96BF162C9E}.Debug|Any CPU.Build.0 = Debug|Any CPU
		{4DE315EC-6DC1-43F4-80E6-5F96BF162C9E}.Debug|ARM.ActiveCfg = Debug|Any CPU
		{4DE315EC-6DC1-43F4-80E6-5F96BF162C9E}.Debug|x64.ActiveCfg = Debug|Any CPU
		{4DE315EC-6DC1-43F4-80E6-5F96BF162C9E}.Debug|x86.ActiveCfg = Debug|Any CPU
		{4DE315EC-6DC1-43F4-80E6-5F96BF162C9E}.Release|Any CPU.ActiveCfg = Release|Any CPU
		{4DE315EC-6DC1-43F4-80E6-5F96BF162C9E}.Release|Any CPU.Build.0 = Release|Any CPU
		{4DE315EC-6DC1-43F4-80E6-5F96BF162C9E}.Release|ARM.ActiveCfg = Release|Any CPU
		{4DE315EC-6DC1-43F4-80E6-5F96BF162C9E}.Release|x64.ActiveCfg = Release|Any CPU
		{4DE315EC-6DC1-43F4-80E6-5F96BF162C9E}.Release|x86.ActiveCfg = Release|Any CPU
		{02FEC0AD-5352-481B-9946-4BF7E92D4183}.Debug|Any CPU.ActiveCfg = Debug|Any CPU
		{02FEC0AD-5352-481B-9946-4BF7E92D4183}.Debug|Any CPU.Build.0 = Debug|Any CPU
		{02FEC0AD-5352-481B-9946-4BF7E92D4183}.Debug|ARM.ActiveCfg = Debug|Any CPU
		{02FEC0AD-5352-481B-9946-4BF7E92D4183}.Debug|x64.ActiveCfg = Debug|Any CPU
		{02FEC0AD-5352-481B-9946-4BF7E92D4183}.Debug|x86.ActiveCfg = Debug|Any CPU
		{02FEC0AD-5352-481B-9946-4BF7E92D4183}.Release|Any CPU.ActiveCfg = Release|Any CPU
		{02FEC0AD-5352-481B-9946-4BF7E92D4183}.Release|Any CPU.Build.0 = Release|Any CPU
		{02FEC0AD-5352-481B-9946-4BF7E92D4183}.Release|ARM.ActiveCfg = Release|Any CPU
		{02FEC0AD-5352-481B-9946-4BF7E92D4183}.Release|x64.ActiveCfg = Release|Any CPU
		{02FEC0AD-5352-481B-9946-4BF7E92D4183}.Release|x86.ActiveCfg = Release|Any CPU
		{641C1403-BEE5-49A7-8FE4-875954E3DD47}.Debug|Any CPU.ActiveCfg = Debug|Any CPU
		{641C1403-BEE5-49A7-8FE4-875954E3DD47}.Debug|Any CPU.Build.0 = Debug|Any CPU
		{641C1403-BEE5-49A7-8FE4-875954E3DD47}.Debug|ARM.ActiveCfg = Debug|Any CPU
		{641C1403-BEE5-49A7-8FE4-875954E3DD47}.Debug|x64.ActiveCfg = Debug|Any CPU
		{641C1403-BEE5-49A7-8FE4-875954E3DD47}.Debug|x86.ActiveCfg = Debug|Any CPU
		{641C1403-BEE5-49A7-8FE4-875954E3DD47}.Release|Any CPU.ActiveCfg = Release|Any CPU
		{641C1403-BEE5-49A7-8FE4-875954E3DD47}.Release|Any CPU.Build.0 = Release|Any CPU
		{641C1403-BEE5-49A7-8FE4-875954E3DD47}.Release|ARM.ActiveCfg = Release|Any CPU
		{641C1403-BEE5-49A7-8FE4-875954E3DD47}.Release|x64.ActiveCfg = Release|Any CPU
		{641C1403-BEE5-49A7-8FE4-875954E3DD47}.Release|x86.ActiveCfg = Release|Any CPU
		{FBAE7D16-F121-4311-81F9-1954D8948993}.Debug|Any CPU.ActiveCfg = Debug|Any CPU
		{FBAE7D16-F121-4311-81F9-1954D8948993}.Debug|Any CPU.Build.0 = Debug|Any CPU
		{FBAE7D16-F121-4311-81F9-1954D8948993}.Debug|ARM.ActiveCfg = Debug|Any CPU
		{FBAE7D16-F121-4311-81F9-1954D8948993}.Debug|x64.ActiveCfg = Debug|Any CPU
		{FBAE7D16-F121-4311-81F9-1954D8948993}.Debug|x86.ActiveCfg = Debug|Any CPU
		{FBAE7D16-F121-4311-81F9-1954D8948993}.Release|Any CPU.ActiveCfg = Release|Any CPU
		{FBAE7D16-F121-4311-81F9-1954D8948993}.Release|Any CPU.Build.0 = Release|Any CPU
		{FBAE7D16-F121-4311-81F9-1954D8948993}.Release|ARM.ActiveCfg = Release|Any CPU
		{FBAE7D16-F121-4311-81F9-1954D8948993}.Release|x64.ActiveCfg = Release|Any CPU
		{FBAE7D16-F121-4311-81F9-1954D8948993}.Release|x86.ActiveCfg = Release|Any CPU
		{8E57815A-F76E-4074-8421-BDBF4C894B3F}.Debug|Any CPU.ActiveCfg = Debug|Any CPU
		{8E57815A-F76E-4074-8421-BDBF4C894B3F}.Debug|Any CPU.Build.0 = Debug|Any CPU
		{8E57815A-F76E-4074-8421-BDBF4C894B3F}.Debug|ARM.ActiveCfg = Debug|Any CPU
		{8E57815A-F76E-4074-8421-BDBF4C894B3F}.Debug|x64.ActiveCfg = Debug|Any CPU
		{8E57815A-F76E-4074-8421-BDBF4C894B3F}.Debug|x86.ActiveCfg = Debug|Any CPU
		{8E57815A-F76E-4074-8421-BDBF4C894B3F}.Release|Any CPU.ActiveCfg = Release|Any CPU
		{8E57815A-F76E-4074-8421-BDBF4C894B3F}.Release|Any CPU.Build.0 = Release|Any CPU
		{8E57815A-F76E-4074-8421-BDBF4C894B3F}.Release|ARM.ActiveCfg = Release|Any CPU
		{8E57815A-F76E-4074-8421-BDBF4C894B3F}.Release|x64.ActiveCfg = Release|Any CPU
		{8E57815A-F76E-4074-8421-BDBF4C894B3F}.Release|x86.ActiveCfg = Release|Any CPU
		{E19F6AFB-1761-465E-BA14-8E5995548393}.Debug|Any CPU.ActiveCfg = Debug|Any CPU
		{E19F6AFB-1761-465E-BA14-8E5995548393}.Debug|Any CPU.Build.0 = Debug|Any CPU
		{E19F6AFB-1761-465E-BA14-8E5995548393}.Debug|ARM.ActiveCfg = Debug|Any CPU
		{E19F6AFB-1761-465E-BA14-8E5995548393}.Debug|x64.ActiveCfg = Debug|Any CPU
		{E19F6AFB-1761-465E-BA14-8E5995548393}.Debug|x86.ActiveCfg = Debug|Any CPU
		{E19F6AFB-1761-465E-BA14-8E5995548393}.Release|Any CPU.ActiveCfg = Release|Any CPU
		{E19F6AFB-1761-465E-BA14-8E5995548393}.Release|Any CPU.Build.0 = Release|Any CPU
		{E19F6AFB-1761-465E-BA14-8E5995548393}.Release|ARM.ActiveCfg = Release|Any CPU
		{E19F6AFB-1761-465E-BA14-8E5995548393}.Release|x64.ActiveCfg = Release|Any CPU
		{E19F6AFB-1761-465E-BA14-8E5995548393}.Release|x86.ActiveCfg = Release|Any CPU
		{99B0772F-451C-4523-9D3C-B4360F0CA490}.Debug|Any CPU.ActiveCfg = Debug|Any CPU
		{99B0772F-451C-4523-9D3C-B4360F0CA490}.Debug|Any CPU.Build.0 = Debug|Any CPU
		{99B0772F-451C-4523-9D3C-B4360F0CA490}.Debug|ARM.ActiveCfg = Debug|Any CPU
		{99B0772F-451C-4523-9D3C-B4360F0CA490}.Debug|x64.ActiveCfg = Debug|Any CPU
		{99B0772F-451C-4523-9D3C-B4360F0CA490}.Debug|x86.ActiveCfg = Debug|Any CPU
		{99B0772F-451C-4523-9D3C-B4360F0CA490}.Release|Any CPU.ActiveCfg = Release|Any CPU
		{99B0772F-451C-4523-9D3C-B4360F0CA490}.Release|Any CPU.Build.0 = Release|Any CPU
		{99B0772F-451C-4523-9D3C-B4360F0CA490}.Release|ARM.ActiveCfg = Release|Any CPU
		{99B0772F-451C-4523-9D3C-B4360F0CA490}.Release|x64.ActiveCfg = Release|Any CPU
		{99B0772F-451C-4523-9D3C-B4360F0CA490}.Release|x86.ActiveCfg = Release|Any CPU
	EndGlobalSection
	GlobalSection(SolutionProperties) = preSolution
		HideSolutionNode = FALSE
	EndGlobalSection
EndGlobal
